Microsoft Visual Studio Solution File, Format Version 12.00
# Visual Studio Version 16
VisualStudioVersion = 16.0.29613.14
MinimumVisualStudioVersion = 15.0
Project("{9A19103F-16F7-4668-BE54-9A1E7A4F7556}") = "Oxide.SQLite", "src\Oxide.SQLite.csproj", "{C54EA613-C5FD-4ACD-8AC4-79063B08CF5A}"
EndProject
Global
	GlobalSection(SolutionConfigurationPlatforms) = preSolution
		Debug|Any CPU = Debug|Any CPU
		Release|Any CPU = Release|Any CPU
	EndGlobalSection
	GlobalSection(ProjectConfigurationPlatforms) = postSolution
		{C54EA613-C5FD-4ACD-8AC4-79063B08CF5A}.Debug|Any CPU.ActiveCfg = Debug|Any CPU
		{C54EA613-C5FD-4ACD-8AC4-79063B08CF5A}.Debug|Any CPU.Build.0 = Debug|Any CPU
		{C54EA613-C5FD-4ACD-8AC4-79063B08CF5A}.Release|Any CPU.ActiveCfg = Release|Any CPU
		{C54EA613-C5FD-4ACD-8AC4-79063B08CF5A}.Release|Any CPU.Build.0 = Release|Any CPU
	EndGlobalSection
	GlobalSection(SolutionProperties) = preSolution
		HideSolutionNode = FALSE
	EndGlobalSection
	GlobalSection(ExtensibilityGlobals) = postSolution
		SolutionGuid = {4296AECA-524F-4C96-BEA4-28EF3AB05B5C}
	EndGlobalSection
EndGlobal
