Microsoft Visual Studio Solution File, Format Version 12.00
# Visual Studio 15
VisualStudioVersion = 15.0
MinimumVisualStudioVersion = 15.0
Project("{A368D19F-85B0-4AB4-9782-3FDEA33D33D1}") = "Oxide.SQLite", "src\Oxide.SQLite.csproj", "{C54EA613-C5FD-4ACD-8AC4-79063B08CF5A}"
EndProject
Global
	GlobalSection(SolutionConfigurationPlatforms) = preSolution
		Debug|Any CPU = Debug|Any CPU
		Release|Any CPU = Release|Any CPU
	EndGlobalSection
	GlobalSection(ProjectConfigurationPlatforms) = postSolution
		{C54EA613-C5FD-4ACD-8AC4-79063B08CF5A}.Debug|Any CPU.ActiveCfg = Debug|Any CPU
		{C54EA613-C5FD-4ACD-8AC4-79063B08CF5A}.Debug|Any CPU.Build.0 = Debug|Any CPU
		{C54EA613-C5FD-4ACD-8AC4-79063B08CF5A}.Release|Any CPU.ActiveCfg = Release|Any CPU
		{C54EA613-C5FD-4ACD-8AC4-79063B08CF5A}.Release|Any CPU.Build.0 = Release|Any CPU
	EndGlobalSection
EndGlobal
